{
  "name": "readsb",
  "version": "4.0.0",
  "lockfileVersion": 1,
  "requires": true,
  "dependencies": {
    "@types/file-saver": {
      "version": "2.0.1",
      "resolved": "https://registry.npmjs.org/@types/file-saver/-/file-saver-2.0.1.tgz",
      "integrity": "sha512-g1QUuhYVVAamfCifK7oB7G3aIl4BbOyzDOqVyUfEr4tfBKrXfeH+M+Tg7HKCXSrbzxYdhyCP7z9WbKo0R2hBCw==",
      "dev": true
    },
    "@types/jquery": {
      "version": "3.3.33",
      "resolved": "https://registry.npmjs.org/@types/jquery/-/jquery-3.3.33.tgz",
      "integrity": "sha512-U6IdXYGkfUI42SR79vB2Spj+h1Ly3J3UZjpd8mi943lh126TK7CB+HZOxGh2nM3IySor7wqVQdemD/xtydsBKA==",
      "dev": true,
      "requires": {
        "@types/sizzle": "*"
      }
    },
    "@types/node": {
      "version": "12.12.29",
      "resolved": "https://registry.npmjs.org/@types/node/-/node-12.12.29.tgz",
      "integrity": "sha512-yo8Qz0ygADGFptISDj3pOC9wXfln/5pQaN/ysDIzOaAWXt73cNHmtEC8zSO2Y+kse/txmwIAJzkYZ5fooaS5DQ==",
      "dev": true
    },
    "@types/sizzle": {
      "version": "2.3.2",
      "resolved": "https://registry.npmjs.org/@types/sizzle/-/sizzle-2.3.2.tgz",
      "integrity": "sha512-7EJYyKTL7tFR8+gDbB6Wwz/arpGa0Mywk1TJbNzKzHtzbwVmY4HR9WqS5VV7dsBUKQmPNr192jHr/VpBluj/hg==",
      "dev": true
    }
  }
}
